
Microsoft Visual Studio Solution File, Format Version 12.00
# Visual Studio Version 16
VisualStudioVersion = 16.0.31613.86
MinimumVisualStudioVersion = 10.0.40219.1
Project("{9A19103F-16F7-4668-BE54-9A1E7A4F7556}") = "MicrosoftRewardsBot", "MicrosoftRewardsBot\MicrosoftRewardsBot.csproj", "{3EDA6CE7-17DA-4BEB-B30E-172E0FEBE6A4}"
EndProject
Project("{9A19103F-16F7-4668-BE54-9A1E7A4F7556}") = "MicrosoftRewardsBot.Core", "MicrosoftRewardsBot.Core\MicrosoftRewardsBot.Core.csproj", "{ABC3AE05-35C9-480E-B256-42CF4202B343}"
EndProject
Global
	GlobalSection(SolutionConfigurationPlatforms) = preSolution
		Debug|Any CPU = Debug|Any CPU
		Release|Any CPU = Release|Any CPU
	EndGlobalSection
	GlobalSection(ProjectConfigurationPlatforms) = postSolution
		{3EDA6CE7-17DA-4BEB-B30E-172E0FEBE6A4}.Debug|Any CPU.ActiveCfg = Debug|Any CPU
		{3EDA6CE7-17DA-4BEB-B30E-172E0FEBE6A4}.Debug|Any CPU.Build.0 = Debug|Any CPU
		{3EDA6CE7-17DA-4BEB-B30E-172E0FEBE6A4}.Release|Any CPU.ActiveCfg = Release|Any CPU
		{3EDA6CE7-17DA-4BEB-B30E-172E0FEBE6A4}.Release|Any CPU.Build.0 = Release|Any CPU
		{ABC3AE05-35C9-480E-B256-42CF4202B343}.Debug|Any CPU.ActiveCfg = Debug|Any CPU
		{ABC3AE05-35C9-480E-B256-42CF4202B343}.Debug|Any CPU.Build.0 = Debug|Any CPU
		{ABC3AE05-35C9-480E-B256-42CF4202B343}.Release|Any CPU.ActiveCfg = Release|Any CPU
		{ABC3AE05-35C9-480E-B256-42CF4202B343}.Release|Any CPU.Build.0 = Release|Any CPU
	EndGlobalSection
	GlobalSection(SolutionProperties) = preSolution
		HideSolutionNode = FALSE
	EndGlobalSection
	GlobalSection(ExtensibilityGlobals) = postSolution
		SolutionGuid = {27BDB07B-7FF0-4B05-B831-D27504EA689D}
	EndGlobalSection
EndGlobal
